// !$*UTF8*$!
{
	archiveVersion = 1;
	classes = {
	};
	objectVersion = 48;
	objects = {

/* Begin PBXBuildFile section */
		4A29B885201FEA1F002B4943 /* AppDelegate.swift in Sources */ = {isa = PBXBuildFile; fileRef = 4A29B884201FEA1F002B4943 /* AppDelegate.swift */; };
		4A29B887201FEA1F002B4943 /* ViewController.swift in Sources */ = {isa = PBXBuildFile; fileRef = 4A29B886201FEA1F002B4943 /* ViewController.swift */; };
		4A29B88A201FEA1F002B4943 /* Main.storyboard in Resources */ = {isa = PBXBuildFile; fileRef = 4A29B888201FEA1F002B4943 /* Main.storyboard */; };
		4A29B88C201FEA1F002B4943 /* Assets.xcassets in Resources */ = {isa = PBXBuildFile; fileRef = 4A29B88B201FEA1F002B4943 /* Assets.xcassets */; };
		4A29B88F201FEA1F002B4943 /* LaunchScreen.storyboard in Resources */ = {isa = PBXBuildFile; fileRef = 4A29B88D201FEA1F002B4943 /* LaunchScreen.storyboard */; };
		4A29B89A201FEA1F002B4943 /* flixTests.swift in Sources */ = {isa = PBXBuildFile; fileRef = 4A29B899201FEA1F002B4943 /* flixTests.swift */; };
		4A29B8A5201FEA20002B4943 /* flixUITests.swift in Sources */ = {isa = PBXBuildFile; fileRef = 4A29B8A4201FEA20002B4943 /* flixUITests.swift */; };
/* End PBXBuildFile section */

/* Begin PBXContainerItemProxy section */
		4A29B896201FEA1F002B4943 /* PBXContainerItemProxy */ = {
			isa = PBXContainerItemProxy;
			containerPortal = 4A29B879201FEA1F002B4943 /* Project object */;
			proxyType = 1;
			remoteGlobalIDString = 4A29B880201FEA1F002B4943;
			remoteInfo = flix;
		};
		4A29B8A1201FEA20002B4943 /* PBXContainerItemProxy */ = {
			isa = PBXContainerItemProxy;
			containerPortal = 4A29B879201FEA1F002B4943 /* Project object */;
			proxyType = 1;
			remoteGlobalIDString = 4A29B880201FEA1F002B4943;
			remoteInfo = flix;
		};
/* End PBXContainerItemProxy section */

/* Begin PBXFileReference section */
		4A29B881201FEA1F002B4943 /* flix.app */ = {isa = PBXFileReference; explicitFileType = wrapper.application; includeInIndex = 0; path = flix.app; sourceTree = BUILT_PRODUCTS_DIR; };
		4A29B884201FEA1F002B4943 /* AppDelegate.swift */ = {isa = PBXFileReference; lastKnownFileType = sourcecode.swift; path = AppDelegate.swift; sourceTree = "<group>"; };
		4A29B886201FEA1F002B4943 /* ViewController.swift */ = {isa = PBXFileReference; lastKnownFileType = sourcecode.swift; path = ViewController.swift; sourceTree = "<group>"; };
		4A29B889201FEA1F002B4943 /* Base */ = {isa = PBXFileReference; lastKnownFileType = file.storyboard; name = Base; path = Base.lproj/Main.storyboard; sourceTree = "<group>"; };
		4A29B88B201FEA1F002B4943 /* Assets.xcassets */ = {isa = PBXFileReference; lastKnownFileType = folder.assetcatalog; path = Assets.xcassets; sourceTree = "<group>"; };
		4A29B88E201FEA1F002B4943 /* Base */ = {isa = PBXFileReference; lastKnownFileType = file.storyboard; name = Base; path = Base.lproj/LaunchScreen.storyboard; sourceTree = "<group>"; };
		4A29B890201FEA1F002B4943 /* Info.plist */ = {isa = PBXFileReference; lastKnownFileType = text.plist.xml; path = Info.plist; sourceTree = "<group>"; };
		4A29B895201FEA1F002B4943 /* flixTests.xctest */ = {isa = PBXFileReference; explicitFileType = wrapper.cfbundle; includeInIndex = 0; path = flixTests.xctest; sourceTree = BUILT_PRODUCTS_DIR; };
		4A29B899201FEA1F002B4943 /* flixTests.swift */ = {isa = PBXFileReference; lastKnownFileType = sourcecode.swift; path = flixTests.swift; sourceTree = "<group>"; };
		4A29B89B201FEA1F002B4943 /* Info.plist */ = {isa = PBXFileReference; lastKnownFileType = text.plist.xml; path = Info.plist; sourceTree = "<group>"; };
		4A29B8A0201FEA20002B4943 /* flixUITests.xctest */ = {isa = PBXFileReference; explicitFileType = wrapper.cfbundle; includeInIndex = 0; path = flixUITests.xctest; sourceTree = BUILT_PRODUCTS_DIR; };
		4A29B8A4201FEA20002B4943 /* flixUITests.swift */ = {isa = PBXFileReference; lastKnownFileType = sourcecode.swift; path = flixUITests.swift; sourceTree = "<group>"; };
		4A29B8A6201FEA20002B4943 /* Info.plist */ = {isa = PBXFileReference; lastKnownFileType = text.plist.xml; path = Info.plist; sourceTree = "<group>"; };
/* End PBXFileReference section */

/* Begin PBXFrameworksBuildPhase section */
		4A29B87E201FEA1F002B4943 /* Frameworks */ = {
			isa = PBXFrameworksBuildPhase;
			buildActionMask = 2147483647;
			files = (
			);
			runOnlyForDeploymentPostprocessing = 0;
		};
		4A29B892201FEA1F002B4943 /* Frameworks */ = {
			isa = PBXFrameworksBuildPhase;
			buildActionMask = 2147483647;
			files = (
			);
			runOnlyForDeploymentPostprocessing = 0;
		};
		4A29B89D201FEA20002B4943 /* Frameworks */ = {
			isa = PBXFrameworksBuildPhase;
			buildActionMask = 2147483647;
			files = (
			);
			runOnlyForDeploymentPostprocessing = 0;
		};
/* End PBXFrameworksBuildPhase section */

/* Begin PBXGroup section */
		4A29B878201FEA1F002B4943 = {
			isa = PBXGroup;
			children = (
				4A29B883201FEA1F002B4943 /* flix */,
				4A29B898201FEA1F002B4943 /* flixTests */,
				4A29B8A3201FEA20002B4943 /* flixUITests */,
				4A29B882201FEA1F002B4943 /* Products */,
			);
			sourceTree = "<group>";
		};
		4A29B882201FEA1F002B4943 /* Products */ = {
			isa = PBXGroup;
			children = (
				4A29B881201FEA1F002B4943 /* flix.app */,
				4A29B895201FEA1F002B4943 /* flixTests.xctest */,
				4A29B8A0201FEA20002B4943 /* flixUITests.xctest */,
			);
			name = Products;
			sourceTree = "<group>";
		};
		4A29B883201FEA1F002B4943 /* flix */ = {
			isa = PBXGroup;
			children = (
				4A29B884201FEA1F002B4943 /* AppDelegate.swift */,
				4A29B886201FEA1F002B4943 /* ViewController.swift */,
				4A29B888201FEA1F002B4943 /* Main.storyboard */,
				4A29B88B201FEA1F002B4943 /* Assets.xcassets */,
				4A29B88D201FEA1F002B4943 /* LaunchScreen.storyboard */,
				4A29B890201FEA1F002B4943 /* Info.plist */,
			);
			path = flix;
			sourceTree = "<group>";
		};
		4A29B898201FEA1F002B4943 /* flixTests */ = {
			isa = PBXGroup;
			children = (
				4A29B899201FEA1F002B4943 /* flixTests.swift */,
				4A29B89B201FEA1F002B4943 /* Info.plist */,
			);
			path = flixTests;
			sourceTree = "<group>";
		};
		4A29B8A3201FEA20002B4943 /* flixUITests */ = {
			isa = PBXGroup;
			children = (
				4A29B8A4201FEA20002B4943 /* flixUITests.swift */,
				4A29B8A6201FEA20002B4943 /* Info.plist */,
			);
			path = flixUITests;
			sourceTree = "<group>";
		};
/* End PBXGroup section */

/* Begin PBXNativeTarget section */
		4A29B880201FEA1F002B4943 /* flix */ = {
			isa = PBXNativeTarget;
			buildConfigurationList = 4A29B8A9201FEA20002B4943 /* Build configuration list for PBXNativeTarget "flix" */;
			buildPhases = (
				4A29B87D201FEA1F002B4943 /* Sources */,
				4A29B87E201FEA1F002B4943 /* Frameworks */,
				4A29B87F201FEA1F002B4943 /* Resources */,
			);
			buildRules = (
			);
			dependencies = (
			);
			name = flix;
			productName = flix;
			productReference = 4A29B881201FEA1F002B4943 /* flix.app */;
			productType = "com.apple.product-type.application";
		};
		4A29B894201FEA1F002B4943 /* flixTests */ = {
			isa = PBXNativeTarget;
			buildConfigurationList = 4A29B8AC201FEA20002B4943 /* Build configuration list for PBXNativeTarget "flixTests" */;
			buildPhases = (
				4A29B891201FEA1F002B4943 /* Sources */,
				4A29B892201FEA1F002B4943 /* Frameworks */,
				4A29B893201FEA1F002B4943 /* Resources */,
			);
			buildRules = (
			);
			dependencies = (
				4A29B897201FEA1F002B4943 /* PBXTargetDependency */,
			);
			name = flixTests;
			productName = flixTests;
			productReference = 4A29B895201FEA1F002B4943 /* flixTests.xctest */;
			productType = "com.apple.product-type.bundle.unit-test";
		};
		4A29B89F201FEA20002B4943 /* flixUITests */ = {
			isa = PBXNativeTarget;
			buildConfigurationList = 4A29B8AF201FEA20002B4943 /* Build configuration list for PBXNativeTarget "flixUITests" */;
			buildPhases = (
				4A29B89C201FEA20002B4943 /* Sources */,
				4A29B89D201FEA20002B4943 /* Frameworks */,
				4A29B89E201FEA20002B4943 /* Resources */,
			);
			buildRules = (
			);
			dependencies = (
				4A29B8A2201FEA20002B4943 /* PBXTargetDependency */,
			);
			name = flixUITests;
			productName = flixUITests;
			productReference = 4A29B8A0201FEA20002B4943 /* flixUITests.xctest */;
			productType = "com.apple.product-type.bundle.ui-testing";
		};
/* End PBXNativeTarget section */

/* Begin PBXProject section */
		4A29B879201FEA1F002B4943 /* Project object */ = {
			isa = PBXProject;
			attributes = {
				LastSwiftUpdateCheck = 0920;
				LastUpgradeCheck = 0920;
				ORGANIZATIONNAME = "angel gonzalez";
				TargetAttributes = {
					4A29B880201FEA1F002B4943 = {
						CreatedOnToolsVersion = 9.2;
						ProvisioningStyle = Automatic;
					};
					4A29B894201FEA1F002B4943 = {
						CreatedOnToolsVersion = 9.2;
						ProvisioningStyle = Automatic;
						TestTargetID = 4A29B880201FEA1F002B4943;
					};
					4A29B89F201FEA20002B4943 = {
						CreatedOnToolsVersion = 9.2;
						ProvisioningStyle = Automatic;
						TestTargetID = 4A29B880201FEA1F002B4943;
					};
				};
			};
			buildConfigurationList = 4A29B87C201FEA1F002B4943 /* Build configuration list for PBXProject "flix" */;
			compatibilityVersion = "Xcode 8.0";
			developmentRegion = en;
			hasScannedForEncodings = 0;
			knownRegions = (
				en,
				Base,
			);
			mainGroup = 4A29B878201FEA1F002B4943;
			productRefGroup = 4A29B882201FEA1F002B4943 /* Products */;
			projectDirPath = "";
			projectRoot = "";
			targets = (
				4A29B880201FEA1F002B4943 /* flix */,
				4A29B894201FEA1F002B4943 /* flixTests */,
				4A29B89F201FEA20002B4943 /* flixUITests */,
			);
		};
/* End PBXProject section */

/* Begin PBXResourcesBuildPhase section */
		4A29B87F201FEA1F002B4943 /* Resources */ = {
			isa = PBXResourcesBuildPhase;
			buildActionMask = 2147483647;
			files = (
				4A29B88F201FEA1F002B4943 /* LaunchScreen.storyboard in Resources */,
				4A29B88C201FEA1F002B4943 /* Assets.xcassets in Resources */,
				4A29B88A201FEA1F002B4943 /* Main.storyboard in Resources */,
			);
			runOnlyForDeploymentPostprocessing = 0;
		};
		4A29B893201FEA1F002B4943 /* Resources */ = {
			isa = PBXResourcesBuildPhase;
			buildActionMask = 2147483647;
			files = (
			);
			runOnlyForDeploymentPostprocessing = 0;
		};
		4A29B89E201FEA20002B4943 /* Resources */ = {
			isa = PBXResourcesBuildPhase;
			buildActionMask = 2147483647;
			files = (
			);
			runOnlyForDeploymentPostprocessing = 0;
		};
/* End PBXResourcesBuildPhase section */

/* Begin PBXSourcesBuildPhase section */
		4A29B87D201FEA1F002B4943 /* Sources */ = {
			isa = PBXSourcesBuildPhase;
			buildActionMask = 2147483647;
			files = (
				4A29B887201FEA1F002B4943 /* ViewController.swift in Sources */,
				4A29B885201FEA1F002B4943 /* AppDelegate.swift in Sources */,
			);
			runOnlyForDeploymentPostprocessing = 0;
		};
		4A29B891201FEA1F002B4943 /* Sources */ = {
			isa = PBXSourcesBuildPhase;
			buildActionMask = 2147483647;
			files = (
				4A29B89A201FEA1F002B4943 /* flixTests.swift in Sources */,
			);
			runOnlyForDeploymentPostprocessing = 0;
		};
		4A29B89C201FEA20002B4943 /* Sources */ = {
			isa = PBXSourcesBuildPhase;
			buildActionMask = 2147483647;
			files = (
				4A29B8A5201FEA20002B4943 /* flixUITests.swift in Sources */,
			);
			runOnlyForDeploymentPostprocessing = 0;
		};
/* End PBXSourcesBuildPhase section */

/* Begin PBXTargetDependency section */
		4A29B897201FEA1F002B4943 /* PBXTargetDependency */ = {
			isa = PBXTargetDependency;
			target = 4A29B880201FEA1F002B4943 /* flix */;
			targetProxy = 4A29B896201FEA1F002B4943 /* PBXContainerItemProxy */;
		};
		4A29B8A2201FEA20002B4943 /* PBXTargetDependency */ = {
			isa = PBXTargetDependency;
			target = 4A29B880201FEA1F002B4943 /* flix */;
			targetProxy = 4A29B8A1201FEA20002B4943 /* PBXContainerItemProxy */;
		};
/* End PBXTargetDependency section */

/* Begin PBXVariantGroup section */
		4A29B888201FEA1F002B4943 /* Main.storyboard */ = {
			isa = PBXVariantGroup;
			children = (
				4A29B889201FEA1F002B4943 /* Base */,
			);
			name = Main.storyboard;
			sourceTree = "<group>";
		};
		4A29B88D201FEA1F002B4943 /* LaunchScreen.storyboard */ = {
			isa = PBXVariantGroup;
			children = (
				4A29B88E201FEA1F002B4943 /* Base */,
			);
			name = LaunchScreen.storyboard;
			sourceTree = "<group>";
		};
/* End PBXVariantGroup section */

/* Begin XCBuildConfiguration section */
		4A29B8A7201FEA20002B4943 /* Debug */ = {
			isa = XCBuildConfiguration;
			buildSettings = {
				ALWAYS_SEARCH_USER_PATHS = NO;
				CLANG_ANALYZER_NONNULL = YES;
				CLANG_ANALYZER_NUMBER_OBJECT_CONVERSION = YES_AGGRESSIVE;
				CLANG_CXX_LANGUAGE_STANDARD = "gnu++14";
				CLANG_CXX_LIBRARY = "libc++";
				CLANG_ENABLE_MODULES = YES;
				CLANG_ENABLE_OBJC_ARC = YES;
				CLANG_WARN_BLOCK_CAPTURE_AUTORELEASING = YES;
				CLANG_WARN_BOOL_CONVERSION = YES;
				CLANG_WARN_COMMA = YES;
				CLANG_WARN_CONSTANT_CONVERSION = YES;
				CLANG_WARN_DIRECT_OBJC_ISA_USAGE = YES_ERROR;
				CLANG_WARN_DOCUMENTATION_COMMENTS = YES;
				CLANG_WARN_EMPTY_BODY = YES;
				CLANG_WARN_ENUM_CONVERSION = YES;
				CLANG_WARN_INFINITE_RECURSION = YES;
				CLANG_WARN_INT_CONVERSION = YES;
				CLANG_WARN_NON_LITERAL_NULL_CONVERSION = YES;
				CLANG_WARN_OBJC_LITERAL_CONVERSION = YES;
				CLANG_WARN_OBJC_ROOT_CLASS = YES_ERROR;
				CLANG_WARN_RANGE_LOOP_ANALYSIS = YES;
				CLANG_WARN_STRICT_PROTOTYPES = YES;
				CLANG_WARN_SUSPICIOUS_MOVE = YES;
				CLANG_WARN_UNGUARDED_AVAILABILITY = YES_AGGRESSIVE;
				CLANG_WARN_UNREACHABLE_CODE = YES;
				CLANG_WARN__DUPLICATE_METHOD_MATCH = YES;
				CODE_SIGN_IDENTITY = "iPhone Developer";
				COPY_PHASE_STRIP = NO;
				DEBUG_INFORMATION_FORMAT = dwarf;
				ENABLE_STRICT_OBJC_MSGSEND = YES;
				ENABLE_TESTABILITY = YES;
				GCC_C_LANGUAGE_STANDARD = gnu11;
				GCC_DYNAMIC_NO_PIC = NO;
				GCC_NO_COMMON_BLOCKS = YES;
				GCC_OPTIMIZATION_LEVEL = 0;
				GCC_PREPROCESSOR_DEFINITIONS = (
					"DEBUG=1",
					"$(inherited)",
				);
				GCC_WARN_64_TO_32_BIT_CONVERSION = YES;
				GCC_WARN_ABOUT_RETURN_TYPE = YES_ERROR;
				GCC_WARN_UNDECLARED_SELECTOR = YES;
				GCC_WARN_UNINITIALIZED_AUTOS = YES_AGGRESSIVE;
				GCC_WARN_UNUSED_FUNCTION = YES;
				GCC_WARN_UNUSED_VARIABLE = YES;
				IPHONEOS_DEPLOYMENT_TARGET = 11.2;
				MTL_ENABLE_DEBUG_INFO = YES;
				ONLY_ACTIVE_ARCH = YES;
				SDKROOT = iphoneos;
				SWIFT_ACTIVE_COMPILATION_CONDITIONS = DEBUG;
				SWIFT_OPTIMIZATION_LEVEL = "-Onone";
			};
			name = Debug;
		};
		4A29B8A8201FEA20002B4943 /* Release */ = {
			isa = XCBuildConfiguration;
			buildSettings = {
				ALWAYS_SEARCH_USER_PATHS = NO;
				CLANG_ANALYZER_NONNULL = YES;
				CLANG_ANALYZER_NUMBER_OBJECT_CONVERSION = YES_AGGRESSIVE;
				CLANG_CXX_LANGUAGE_STANDARD = "gnu++14";
				CLANG_CXX_LIBRARY = "libc++";
				CLANG_ENABLE_MODULES = YES;
				CLANG_ENABLE_OBJC_ARC = YES;
				CLANG_WARN_BLOCK_CAPTURE_AUTORELEASING = YES;
				CLANG_WARN_BOOL_CONVERSION = YES;
				CLANG_WARN_COMMA = YES;
				CLANG_WARN_CONSTANT_CONVERSION = YES;
				CLANG_WARN_DIRECT_OBJC_ISA_USAGE = YES_ERROR;
				CLANG_WARN_DOCUMENTATION_COMMENTS = YES;
				CLANG_WARN_EMPTY_BODY = YES;
				CLANG_WARN_ENUM_CONVERSION = YES;
				CLANG_WARN_INFINITE_RECURSION = YES;
				CLANG_WARN_INT_CONVERSION = YES;
				CLANG_WARN_NON_LITERAL_NULL_CONVERSION = YES;
				CLANG_WARN_OBJC_LITERAL_CONVERSION = YES;
				CLANG_WARN_OBJC_ROOT_CLASS = YES_ERROR;
				CLANG_WARN_RANGE_LOOP_ANALYSIS = YES;
				CLANG_WARN_STRICT_PROTOTYPES = YES;
				CLANG_WARN_SUSPICIOUS_MOVE = YES;
				CLANG_WARN_UNGUARDED_AVAILABILITY = YES_AGGRESSIVE;
				CLANG_WARN_UNREACHABLE_CODE = YES;
				CLANG_WARN__DUPLICATE_METHOD_MATCH = YES;
				CODE_SIGN_IDENTITY = "iPhone Developer";
				COPY_PHASE_STRIP = NO;
				DEBUG_INFORMATION_FORMAT = "dwarf-with-dsym";
				ENABLE_NS_ASSERTIONS = NO;
				ENABLE_STRICT_OBJC_MSGSEND = YES;
				GCC_C_LANGUAGE_STANDARD = gnu11;
				GCC_NO_COMMON_BLOCKS = YES;
				GCC_WARN_64_TO_32_BIT_CONVERSION = YES;
				GCC_WARN_ABOUT_RETURN_TYPE = YES_ERROR;
				GCC_WARN_UNDECLARED_SELECTOR = YES;
				GCC_WARN_UNINITIALIZED_AUTOS = YES_AGGRESSIVE;
				GCC_WARN_UNUSED_FUNCTION = YES;
				GCC_WARN_UNUSED_VARIABLE = YES;
				IPHONEOS_DEPLOYMENT_TARGET = 11.2;
				MTL_ENABLE_DEBUG_INFO = NO;
				SDKROOT = iphoneos;
				SWIFT_OPTIMIZATION_LEVEL = "-Owholemodule";
				VALIDATE_PRODUCT = YES;
			};
			name = Release;
		};
		4A29B8AA201FEA20002B4943 /* Debug */ = {
			isa = XCBuildConfiguration;
			buildSettings = {
				ASSETCATALOG_COMPILER_APPICON_NAME = AppIcon;
				CODE_SIGN_STYLE = Automatic;
				DEVELOPMENT_TEAM = V52DT33GJ4;
				INFOPLIST_FILE = flix/Info.plist;
				LD_RUNPATH_SEARCH_PATHS = "$(inherited) @executable_path/Frameworks";
				PRODUCT_BUNDLE_IDENTIFIER = Learning.flix;
				PRODUCT_NAME = "$(TARGET_NAME)";
				SWIFT_VERSION = 4.0;
				TARGETED_DEVICE_FAMILY = "1,2";
			};
			name = Debug;
		};
		4A29B8AB201FEA20002B4943 /* Release */ = {
			isa = XCBuildConfiguration;
			buildSettings = {
				ASSETCATALOG_COMPILER_APPICON_NAME = AppIcon;
				CODE_SIGN_STYLE = Automatic;
				DEVELOPMENT_TEAM = V52DT33GJ4;
				INFOPLIST_FILE = flix/Info.plist;
				LD_RUNPATH_SEARCH_PATHS = "$(inherited) @executable_path/Frameworks";
				PRODUCT_BUNDLE_IDENTIFIER = Learning.flix;
				PRODUCT_NAME = "$(TARGET_NAME)";
				SWIFT_VERSION = 4.0;
				TARGETED_DEVICE_FAMILY = "1,2";
			};
			name = Release;
		};
		4A29B8AD201FEA20002B4943 /* Debug */ = {
			isa = XCBuildConfiguration;
			buildSettings = {
				ALWAYS_EMBED_SWIFT_STANDARD_LIBRARIES = YES;
				BUNDLE_LOADER = "$(TEST_HOST)";
				CODE_SIGN_STYLE = Automatic;
				DEVELOPMENT_TEAM = V52DT33GJ4;
				INFOPLIST_FILE = flixTests/Info.plist;
				LD_RUNPATH_SEARCH_PATHS = "$(inherited) @executable_path/Frameworks @loader_path/Frameworks";
				PRODUCT_BUNDLE_IDENTIFIER = Learning.flixTests;
				PRODUCT_NAME = "$(TARGET_NAME)";
				SWIFT_VERSION = 4.0;
				TARGETED_DEVICE_FAMILY = "1,2";
				TEST_HOST = "$(BUILT_PRODUCTS_DIR)/flix.app/flix";
			};
			name = Debug;
		};
		4A29B8AE201FEA20002B4943 /* Release */ = {
			isa = XCBuildConfiguration;
			buildSettings = {
				ALWAYS_EMBED_SWIFT_STANDARD_LIBRARIES = YES;
				BUNDLE_LOADER = "$(TEST_HOST)";
				CODE_SIGN_STYLE = Automatic;
				DEVELOPMENT_TEAM = V52DT33GJ4;
				INFOPLIST_FILE = flixTests/Info.plist;
				LD_RUNPATH_SEARCH_PATHS = "$(inherited) @executable_path/Frameworks @loader_path/Frameworks";
				PRODUCT_BUNDLE_IDENTIFIER = Learning.flixTests;
				PRODUCT_NAME = "$(TARGET_NAME)";
				SWIFT_VERSION = 4.0;
				TARGETED_DEVICE_FAMILY = "1,2";
				TEST_HOST = "$(BUILT_PRODUCTS_DIR)/flix.app/flix";
			};
			name = Release;
		};
		4A29B8B0201FEA20002B4943 /* Debug */ = {
			isa = XCBuildConfiguration;
			buildSettings = {
				ALWAYS_EMBED_SWIFT_STANDARD_LIBRARIES = YES;
				CODE_SIGN_STYLE = Automatic;
				DEVELOPMENT_TEAM = V52DT33GJ4;
				INFOPLIST_FILE = flixUITests/Info.plist;
				LD_RUNPATH_SEARCH_PATHS = "$(inherited) @executable_path/Frameworks @loader_path/Frameworks";
				PRODUCT_BUNDLE_IDENTIFIER = Learning.flixUITests;
				PRODUCT_NAME = "$(TARGET_NAME)";
				SWIFT_VERSION = 4.0;
				TARGETED_DEVICE_FAMILY = "1,2";
				TEST_TARGET_NAME = flix;
			};
			name = Debug;
		};
		4A29B8B1201FEA20002B4943 /* Release */ = {
			isa = XCBuildConfiguration;
			buildSettings = {
				ALWAYS_EMBED_SWIFT_STANDARD_LIBRARIES = YES;
				CODE_SIGN_STYLE = Automatic;
				DEVELOPMENT_TEAM = V52DT33GJ4;
				INFOPLIST_FILE = flixUITests/Info.plist;
				LD_RUNPATH_SEARCH_PATHS = "$(inherited) @executable_path/Frameworks @loader_path/Frameworks";
				PRODUCT_BUNDLE_IDENTIFIER = Learning.flixUITests;
				PRODUCT_NAME = "$(TARGET_NAME)";
				SWIFT_VERSION = 4.0;
				TARGETED_DEVICE_FAMILY = "1,2";
				TEST_TARGET_NAME = flix;
			};
			name = Release;
		};
/* End XCBuildConfiguration section */

/* Begin XCConfigurationList section */
		4A29B87C201FEA1F002B4943 /* Build configuration list for PBXProject "flix" */ = {
			isa = XCConfigurationList;
			buildConfigurations = (
				4A29B8A7201FEA20002B4943 /* Debug */,
				4A29B8A8201FEA20002B4943 /* Release */,
			);
			defaultConfigurationIsVisible = 0;
			defaultConfigurationName = Release;
		};
		4A29B8A9201FEA20002B4943 /* Build configuration list for PBXNativeTarget "flix" */ = {
			isa = XCConfigurationList;
			buildConfigurations = (
				4A29B8AA201FEA20002B4943 /* Debug */,
				4A29B8AB201FEA20002B4943 /* Release */,
			);
			defaultConfigurationIsVisible = 0;
			defaultConfigurationName = Release;
		};
		4A29B8AC201FEA20002B4943 /* Build configuration list for PBXNativeTarget "flixTests" */ = {
			isa = XCConfigurationList;
			buildConfigurations = (
				4A29B8AD201FEA20002B4943 /* Debug */,
				4A29B8AE201FEA20002B4943 /* Release */,
			);
			defaultConfigurationIsVisible = 0;
			defaultConfigurationName = Release;
		};
		4A29B8AF201FEA20002B4943 /* Build configuration list for PBXNativeTarget "flixUITests" */ = {
			isa = XCConfigurationList;
			buildConfigurations = (
				4A29B8B0201FEA20002B4943 /* Debug */,
				4A29B8B1201FEA20002B4943 /* Release */,
			);
			defaultConfigurationIsVisible = 0;
			defaultConfigurationName = Release;
		};
/* End XCConfigurationList section */
	};
	rootObject = 4A29B879201FEA1F002B4943 /* Project object */;
}
